
Microsoft Visual Studio Solution File, Format Version 12.00
# Visual Studio 14
VisualStudioVersion = 14.0.24720.0
MinimumVisualStudioVersion = 10.0.40219.1
Project("{FAE04EC0-301F-11D3-BF4B-00C04F79EFBC}") = "BiblioTechnology", "BiblioTechnology\BiblioTechnology.csproj", "{47AD30BA-1713-43F0-99CC-44FCD6794742}"
EndProject
Project("{54435603-DBB4-11D2-8724-00A0C9A8B90C}") = "SetupBiblioTechnology", "SetupBiblioTechnology\SetupBiblioTechnology.vdproj", "{6FDCA6A3-F6AF-4D5B-849A-16FB90F86EAE}"
EndProject
Global
	GlobalSection(SolutionConfigurationPlatforms) = preSolution
		Debug|Any CPU = Debug|Any CPU
		Release|Any CPU = Release|Any CPU
	EndGlobalSection
	GlobalSection(ProjectConfigurationPlatforms) = postSolution
		{47AD30BA-1713-43F0-99CC-44FCD6794742}.Debug|Any CPU.ActiveCfg = Debug|Any CPU
		{47AD30BA-1713-43F0-99CC-44FCD6794742}.Debug|Any CPU.Build.0 = Debug|Any CPU
		{47AD30BA-1713-43F0-99CC-44FCD6794742}.Release|Any CPU.ActiveCfg = Release|Any CPU
		{47AD30BA-1713-43F0-99CC-44FCD6794742}.Release|Any CPU.Build.0 = Release|Any CPU
		{6FDCA6A3-F6AF-4D5B-849A-16FB90F86EAE}.Debug|Any CPU.ActiveCfg = Debug
		{6FDCA6A3-F6AF-4D5B-849A-16FB90F86EAE}.Release|Any CPU.ActiveCfg = Release
	EndGlobalSection
	GlobalSection(SolutionProperties) = preSolution
		HideSolutionNode = FALSE
	EndGlobalSection
EndGlobal
